
Microsoft Visual Studio Solution File, Format Version 12.00
# Visual Studio Version 16
VisualStudioVersion = 16.0.31424.327
MinimumVisualStudioVersion = 10.0.40219.1
Project("{9A19103F-16F7-4668-BE54-9A1E7A4F7556}") = "TaxCalculationApplication", "TaxCalculationApplication\TaxCalculationApplication.csproj", "{D6337913-BA38-4F8D-B686-A7BE23C7C59B}"
EndProject
Project("{FAE04EC0-301F-11D3-BF4B-00C04F79EFBC}") = "api-web-tests", "api-web-tests\api-web-tests.csproj", "{1B8DB341-0100-46A8-92B4-2F1A557ED215}"
EndProject
Global
	GlobalSection(SolutionConfigurationPlatforms) = preSolution
		Debug|Any CPU = Debug|Any CPU
		Release|Any CPU = Release|Any CPU
	EndGlobalSection
	GlobalSection(ProjectConfigurationPlatforms) = postSolution
		{D6337913-BA38-4F8D-B686-A7BE23C7C59B}.Debug|Any CPU.ActiveCfg = Debug|Any CPU
		{D6337913-BA38-4F8D-B686-A7BE23C7C59B}.Debug|Any CPU.Build.0 = Debug|Any CPU
		{D6337913-BA38-4F8D-B686-A7BE23C7C59B}.Release|Any CPU.ActiveCfg = Release|Any CPU
		{D6337913-BA38-4F8D-B686-A7BE23C7C59B}.Release|Any CPU.Build.0 = Release|Any CPU
		{1B8DB341-0100-46A8-92B4-2F1A557ED215}.Debug|Any CPU.ActiveCfg = Debug|Any CPU
		{1B8DB341-0100-46A8-92B4-2F1A557ED215}.Debug|Any CPU.Build.0 = Debug|Any CPU
		{1B8DB341-0100-46A8-92B4-2F1A557ED215}.Release|Any CPU.ActiveCfg = Release|Any CPU
		{1B8DB341-0100-46A8-92B4-2F1A557ED215}.Release|Any CPU.Build.0 = Release|Any CPU
	EndGlobalSection
	GlobalSection(SolutionProperties) = preSolution
		HideSolutionNode = FALSE
	EndGlobalSection
	GlobalSection(ExtensibilityGlobals) = postSolution
		SolutionGuid = {389975AC-4ECA-41E6-8878-B6D6F73427A2}
	EndGlobalSection
EndGlobal
